
Microsoft Visual Studio Solution File, Format Version 11.00
# Visual Studio 2010
Project("{FAE04EC0-301F-11D3-BF4B-00C04F79EFBC}") = "VuforiaScripts", "VuforiaScripts.csproj", "{994FBF06-D36C-A030-85CC-A1A212D3B158}"
EndProject
Project("{FAE04EC0-301F-11D3-BF4B-00C04F79EFBC}") = "Assembly-CSharp", "Assembly-CSharp.csproj", "{F2379B8E-FEDA-BA03-E37F-BAF3007AB73A}"
EndProject
Project("{FAE04EC0-301F-11D3-BF4B-00C04F79EFBC}") = "Assembly-CSharp-Editor", "Assembly-CSharp-Editor.csproj", "{D3EB8A21-F43C-CF97-38E7-53111DE94F32}"
EndProject
Project("{FAE04EC0-301F-11D3-BF4B-00C04F79EFBC}") = "VuforiaEditorScripts", "VuforiaEditorScripts.csproj", "{E74D4487-184D-A414-BF42-9560AB0DCC41}"
EndProject
Global
	GlobalSection(SolutionConfigurationPlatforms) = preSolution
		Debug|Any CPU = Debug|Any CPU
		Release|Any CPU = Release|Any CPU
	EndGlobalSection
	GlobalSection(ProjectConfigurationPlatforms) = postSolution
		{994FBF06-D36C-A030-85CC-A1A212D3B158}.Debug|Any CPU.ActiveCfg = Debug|Any CPU
		{994FBF06-D36C-A030-85CC-A1A212D3B158}.Debug|Any CPU.Build.0 = Debug|Any CPU
		{994FBF06-D36C-A030-85CC-A1A212D3B158}.Release|Any CPU.ActiveCfg = Release|Any CPU
		{994FBF06-D36C-A030-85CC-A1A212D3B158}.Release|Any CPU.Build.0 = Release|Any CPU
		{F2379B8E-FEDA-BA03-E37F-BAF3007AB73A}.Debug|Any CPU.ActiveCfg = Debug|Any CPU
		{F2379B8E-FEDA-BA03-E37F-BAF3007AB73A}.Debug|Any CPU.Build.0 = Debug|Any CPU
		{F2379B8E-FEDA-BA03-E37F-BAF3007AB73A}.Release|Any CPU.ActiveCfg = Release|Any CPU
		{F2379B8E-FEDA-BA03-E37F-BAF3007AB73A}.Release|Any CPU.Build.0 = Release|Any CPU
		{D3EB8A21-F43C-CF97-38E7-53111DE94F32}.Debug|Any CPU.ActiveCfg = Debug|Any CPU
		{D3EB8A21-F43C-CF97-38E7-53111DE94F32}.Debug|Any CPU.Build.0 = Debug|Any CPU
		{D3EB8A21-F43C-CF97-38E7-53111DE94F32}.Release|Any CPU.ActiveCfg = Release|Any CPU
		{D3EB8A21-F43C-CF97-38E7-53111DE94F32}.Release|Any CPU.Build.0 = Release|Any CPU
		{E74D4487-184D-A414-BF42-9560AB0DCC41}.Debug|Any CPU.ActiveCfg = Debug|Any CPU
		{E74D4487-184D-A414-BF42-9560AB0DCC41}.Debug|Any CPU.Build.0 = Debug|Any CPU
		{E74D4487-184D-A414-BF42-9560AB0DCC41}.Release|Any CPU.ActiveCfg = Release|Any CPU
		{E74D4487-184D-A414-BF42-9560AB0DCC41}.Release|Any CPU.Build.0 = Release|Any CPU
	EndGlobalSection
	GlobalSection(SolutionProperties) = preSolution
		HideSolutionNode = FALSE
	EndGlobalSection
	GlobalSection(MonoDevelopProperties) = preSolution
		StartupItem = Assembly-CSharp.csproj
	EndGlobalSection
EndGlobal
