
Microsoft Visual Studio Solution File, Format Version 11.00
# Visual Studio 2010
Project("{FAE04EC0-301F-11D3-BF4B-00C04F79EFBC}") = "Assembly-CSharp", "Assembly-CSharp.csproj", "{A52B2053-7213-BFAE-B35B-D58E99F96A97}"
EndProject
Project("{FAE04EC0-301F-11D3-BF4B-00C04F79EFBC}") = "Assembly-CSharp-Editor", "Assembly-CSharp-Editor.csproj", "{BADBC137-5B70-F57B-9A54-05E287E15504}"
EndProject
Global
	GlobalSection(SolutionConfigurationPlatforms) = preSolution
		Debug|Any CPU = Debug|Any CPU
		Release|Any CPU = Release|Any CPU
	EndGlobalSection
	GlobalSection(ProjectConfigurationPlatforms) = postSolution
		{A52B2053-7213-BFAE-B35B-D58E99F96A97}.Debug|Any CPU.ActiveCfg = Debug|Any CPU
		{A52B2053-7213-BFAE-B35B-D58E99F96A97}.Debug|Any CPU.Build.0 = Debug|Any CPU
		{A52B2053-7213-BFAE-B35B-D58E99F96A97}.Release|Any CPU.ActiveCfg = Release|Any CPU
		{A52B2053-7213-BFAE-B35B-D58E99F96A97}.Release|Any CPU.Build.0 = Release|Any CPU
		{BADBC137-5B70-F57B-9A54-05E287E15504}.Debug|Any CPU.ActiveCfg = Debug|Any CPU
		{BADBC137-5B70-F57B-9A54-05E287E15504}.Debug|Any CPU.Build.0 = Debug|Any CPU
		{BADBC137-5B70-F57B-9A54-05E287E15504}.Release|Any CPU.ActiveCfg = Release|Any CPU
		{BADBC137-5B70-F57B-9A54-05E287E15504}.Release|Any CPU.Build.0 = Release|Any CPU
	EndGlobalSection
	GlobalSection(SolutionProperties) = preSolution
		HideSolutionNode = FALSE
	EndGlobalSection
	GlobalSection(MonoDevelopProperties) = preSolution
		StartupItem = Assembly-CSharp.csproj
	EndGlobalSection
EndGlobal
